
Microsoft Visual Studio Solution File, Format Version 12.00
# Visual Studio Version 17
VisualStudioVersion = 17.12.35527.113
MinimumVisualStudioVersion = 10.0.40219.1
Project("{2150E333-8FDC-42A3-9474-1A3956D46DE8}") = "src", "src", "{05D51344-895D-43EC-B305-4D19A9A39A04}"
EndProject
Project("{2150E333-8FDC-42A3-9474-1A3956D46DE8}") = "Services", "Services", "{3571A7D9-45DD-4F04-BA27-01BA6224302B}"
EndProject
Project("{2150E333-8FDC-42A3-9474-1A3956D46DE8}") = "Gateways", "Gateways", "{71EA8607-18EB-4339-B818-9F64B90AF473}"
EndProject
Project("{2150E333-8FDC-42A3-9474-1A3956D46DE8}") = "Core", "Core", "{35440C0E-62C0-4F8B-999B-AFAF81D6C220}"
EndProject
Project("{2150E333-8FDC-42A3-9474-1A3956D46DE8}") = "Shared", "Shared", "{EB3EBCC3-DB45-4AFA-B2AC-2611DC9EF83E}"
EndProject
Project("{2150E333-8FDC-42A3-9474-1A3956D46DE8}") = "Contact", "Contact", "{994B1826-14D3-448A-ADA1-56F0E0D5D24B}"
EndProject
Project("{FAE04EC0-301F-11D3-BF4B-00C04F79EFBC}") = "PhoneBookApp.Core.Domain", "src\Core\PhoneBookApp.Core.Domain\PhoneBookApp.Core.Domain.csproj", "{2FF7E3CC-30AC-43CF-B564-70739F729B9F}"
EndProject
Project("{FAE04EC0-301F-11D3-BF4B-00C04F79EFBC}") = "PhoneBookApp.Core.Infrastructure", "src\Core\PhoneBookApp.Core.Infrastructure\PhoneBookApp.Core.Infrastructure.csproj", "{D3A8AE4B-EFB4-40A0-9AE2-183BE2DB8E70}"
EndProject
Project("{FAE04EC0-301F-11D3-BF4B-00C04F79EFBC}") = "PhoneBookApp.Core.Application", "src\Core\PhoneBookApp.Core.Application\PhoneBookApp.Core.Application.csproj", "{EC7E7C06-768F-4EAC-ABDD-FA2271D669A7}"
EndProject
Project("{FAE04EC0-301F-11D3-BF4B-00C04F79EFBC}") = "PhoneBookApp.Core.Presentation", "src\Core\PhoneBookApp.Core.Presentation\PhoneBookApp.Core.Presentation.csproj", "{644B422B-CAB8-41A9-9273-6BE40E0B9A57}"
EndProject
Project("{2150E333-8FDC-42A3-9474-1A3956D46DE8}") = "Report", "Report", "{7231D1DF-5B71-4583-A817-A58FC5A44BC7}"
EndProject
Project("{FAE04EC0-301F-11D3-BF4B-00C04F79EFBC}") = "PhoneBookApp.Services.Report.Api", "src\Services\Report\PhoneBookApp.Services.Report.Api\PhoneBookApp.Services.Report.Api.csproj", "{414F3795-0F4C-46E0-AFEA-BD80F5974ABE}"
EndProject
Project("{FAE04EC0-301F-11D3-BF4B-00C04F79EFBC}") = "PhoneBookApp.Services.Report.Domain", "src\Services\Report\PhoneBookApp.Services.Report.Domain\PhoneBookApp.Services.Report.Domain.csproj", "{EA2E9C68-B958-4AA4-813C-0F715426EBC2}"
EndProject
Project("{FAE04EC0-301F-11D3-BF4B-00C04F79EFBC}") = "PhoneBookApp.Services.Report.Application", "src\Services\Report\PhoneBookApp.Services.Report.Application\PhoneBookApp.Services.Report.Application.csproj", "{6BDB7529-8D5A-413D-8573-6CB1B5973D46}"
EndProject
Project("{FAE04EC0-301F-11D3-BF4B-00C04F79EFBC}") = "PhoneBookApp.Services.Report.Infrastructure", "src\Services\Report\PhoneBookApp.Services.Report.Infrastructure\PhoneBookApp.Services.Report.Infrastructure.csproj", "{E3781474-9F8C-44A5-B696-76BAA6F0E7B6}"
EndProject
Project("{FAE04EC0-301F-11D3-BF4B-00C04F79EFBC}") = "PhoneBookApp.Services.Contact.Domain", "src\Services\Contact\PhoneBookApp.Services.Contact.Domain\PhoneBookApp.Services.Contact.Domain.csproj", "{842421B2-E012-45DE-B94D-01589B780D8C}"
EndProject
Project("{FAE04EC0-301F-11D3-BF4B-00C04F79EFBC}") = "PhoneBookApp.Services.Contact.Application", "src\Services\Contact\PhoneBookApp.Services.Contact.Application\PhoneBookApp.Services.Contact.Application.csproj", "{5949E1B5-DA96-49DC-ADF0-6FA0206C3F03}"
EndProject
Project("{FAE04EC0-301F-11D3-BF4B-00C04F79EFBC}") = "PhoneBookApp.Services.Contact.Infrastructure", "src\Services\Contact\PhoneBookApp.Services.Contact.Infrastructure\PhoneBookApp.Services.Contact.Infrastructure.csproj", "{D8A6B1CB-612A-4A98-A6E4-BD5BC02F868C}"
EndProject
Project("{FAE04EC0-301F-11D3-BF4B-00C04F79EFBC}") = "PhoneBookApp.Services.Contact.Api", "src\Services\Contact\PhoneBookApp.Services.Contact.Api\PhoneBookApp.Services.Contact.Api.csproj", "{88960F0C-14B8-4EAF-800F-A4620F0493C6}"
EndProject
Project("{E53339B2-1760-4266-BCC7-CA923CBCF16C}") = "docker-compose", "docker-compose.dcproj", "{22D1653C-6EFA-4E15-B482-E59130AF7D00}"
EndProject
Project("{FAE04EC0-301F-11D3-BF4B-00C04F79EFBC}") = "PhoneBookApp.Shared", "src\Shared\PhoneBookApp.Shared\PhoneBookApp.Shared.csproj", "{65B0524C-A13E-4AD4-A605-84B79115C1FF}"
EndProject
Project("{FAE04EC0-301F-11D3-BF4B-00C04F79EFBC}") = "PhoneBookApp.Core.EventBus", "src\Core\PhoneBookApp.Core.EventBus\PhoneBookApp.Core.EventBus.csproj", "{3E75FE16-2ECE-4379-8775-2FA772715974}"
EndProject
Project("{FAE04EC0-301F-11D3-BF4B-00C04F79EFBC}") = "PhoneBookApp.Services.Contact.UnitTests", "src\Services\Contact\PhoneBookApp.Services.Contact.UnitTests\PhoneBookApp.Services.Contact.UnitTests.csproj", "{82FDBCFA-0E24-4AF6-8F5B-A64DBD5808BF}"
EndProject
Project("{FAE04EC0-301F-11D3-BF4B-00C04F79EFBC}") = "PhoneBookApp.Services.Report.UnitTests", "src\Services\Report\PhoneBookApp.Services.Report.UnitTests\PhoneBookApp.Services.Report.UnitTests.csproj", "{55243D60-A7E4-4355-90DE-0076EBA03E24}"
EndProject
Global
	GlobalSection(SolutionConfigurationPlatforms) = preSolution
		Debug|Any CPU = Debug|Any CPU
		Release|Any CPU = Release|Any CPU
	EndGlobalSection
	GlobalSection(ProjectConfigurationPlatforms) = postSolution
		{2FF7E3CC-30AC-43CF-B564-70739F729B9F}.Debug|Any CPU.ActiveCfg = Debug|Any CPU
		{2FF7E3CC-30AC-43CF-B564-70739F729B9F}.Debug|Any CPU.Build.0 = Debug|Any CPU
		{2FF7E3CC-30AC-43CF-B564-70739F729B9F}.Release|Any CPU.ActiveCfg = Release|Any CPU
		{2FF7E3CC-30AC-43CF-B564-70739F729B9F}.Release|Any CPU.Build.0 = Release|Any CPU
		{D3A8AE4B-EFB4-40A0-9AE2-183BE2DB8E70}.Debug|Any CPU.ActiveCfg = Debug|Any CPU
		{D3A8AE4B-EFB4-40A0-9AE2-183BE2DB8E70}.Debug|Any CPU.Build.0 = Debug|Any CPU
		{D3A8AE4B-EFB4-40A0-9AE2-183BE2DB8E70}.Release|Any CPU.ActiveCfg = Release|Any CPU
		{D3A8AE4B-EFB4-40A0-9AE2-183BE2DB8E70}.Release|Any CPU.Build.0 = Release|Any CPU
		{EC7E7C06-768F-4EAC-ABDD-FA2271D669A7}.Debug|Any CPU.ActiveCfg = Debug|Any CPU
		{EC7E7C06-768F-4EAC-ABDD-FA2271D669A7}.Debug|Any CPU.Build.0 = Debug|Any CPU
		{EC7E7C06-768F-4EAC-ABDD-FA2271D669A7}.Release|Any CPU.ActiveCfg = Release|Any CPU
		{EC7E7C06-768F-4EAC-ABDD-FA2271D669A7}.Release|Any CPU.Build.0 = Release|Any CPU
		{644B422B-CAB8-41A9-9273-6BE40E0B9A57}.Debug|Any CPU.ActiveCfg = Debug|Any CPU
		{644B422B-CAB8-41A9-9273-6BE40E0B9A57}.Debug|Any CPU.Build.0 = Debug|Any CPU
		{644B422B-CAB8-41A9-9273-6BE40E0B9A57}.Release|Any CPU.ActiveCfg = Release|Any CPU
		{644B422B-CAB8-41A9-9273-6BE40E0B9A57}.Release|Any CPU.Build.0 = Release|Any CPU
		{414F3795-0F4C-46E0-AFEA-BD80F5974ABE}.Debug|Any CPU.ActiveCfg = Debug|Any CPU
		{414F3795-0F4C-46E0-AFEA-BD80F5974ABE}.Debug|Any CPU.Build.0 = Debug|Any CPU
		{414F3795-0F4C-46E0-AFEA-BD80F5974ABE}.Release|Any CPU.ActiveCfg = Release|Any CPU
		{414F3795-0F4C-46E0-AFEA-BD80F5974ABE}.Release|Any CPU.Build.0 = Release|Any CPU
		{EA2E9C68-B958-4AA4-813C-0F715426EBC2}.Debug|Any CPU.ActiveCfg = Debug|Any CPU
		{EA2E9C68-B958-4AA4-813C-0F715426EBC2}.Debug|Any CPU.Build.0 = Debug|Any CPU
		{EA2E9C68-B958-4AA4-813C-0F715426EBC2}.Release|Any CPU.ActiveCfg = Release|Any CPU
		{EA2E9C68-B958-4AA4-813C-0F715426EBC2}.Release|Any CPU.Build.0 = Release|Any CPU
		{6BDB7529-8D5A-413D-8573-6CB1B5973D46}.Debug|Any CPU.ActiveCfg = Debug|Any CPU
		{6BDB7529-8D5A-413D-8573-6CB1B5973D46}.Debug|Any CPU.Build.0 = Debug|Any CPU
		{6BDB7529-8D5A-413D-8573-6CB1B5973D46}.Release|Any CPU.ActiveCfg = Release|Any CPU
		{6BDB7529-8D5A-413D-8573-6CB1B5973D46}.Release|Any CPU.Build.0 = Release|Any CPU
		{E3781474-9F8C-44A5-B696-76BAA6F0E7B6}.Debug|Any CPU.ActiveCfg = Debug|Any CPU
		{E3781474-9F8C-44A5-B696-76BAA6F0E7B6}.Debug|Any CPU.Build.0 = Debug|Any CPU
		{E3781474-9F8C-44A5-B696-76BAA6F0E7B6}.Release|Any CPU.ActiveCfg = Release|Any CPU
		{E3781474-9F8C-44A5-B696-76BAA6F0E7B6}.Release|Any CPU.Build.0 = Release|Any CPU
		{842421B2-E012-45DE-B94D-01589B780D8C}.Debug|Any CPU.ActiveCfg = Debug|Any CPU
		{842421B2-E012-45DE-B94D-01589B780D8C}.Debug|Any CPU.Build.0 = Debug|Any CPU
		{842421B2-E012-45DE-B94D-01589B780D8C}.Release|Any CPU.ActiveCfg = Release|Any CPU
		{842421B2-E012-45DE-B94D-01589B780D8C}.Release|Any CPU.Build.0 = Release|Any CPU
		{5949E1B5-DA96-49DC-ADF0-6FA0206C3F03}.Debug|Any CPU.ActiveCfg = Debug|Any CPU
		{5949E1B5-DA96-49DC-ADF0-6FA0206C3F03}.Debug|Any CPU.Build.0 = Debug|Any CPU
		{5949E1B5-DA96-49DC-ADF0-6FA0206C3F03}.Release|Any CPU.ActiveCfg = Release|Any CPU
		{5949E1B5-DA96-49DC-ADF0-6FA0206C3F03}.Release|Any CPU.Build.0 = Release|Any CPU
		{D8A6B1CB-612A-4A98-A6E4-BD5BC02F868C}.Debug|Any CPU.ActiveCfg = Debug|Any CPU
		{D8A6B1CB-612A-4A98-A6E4-BD5BC02F868C}.Debug|Any CPU.Build.0 = Debug|Any CPU
		{D8A6B1CB-612A-4A98-A6E4-BD5BC02F868C}.Release|Any CPU.ActiveCfg = Release|Any CPU
		{D8A6B1CB-612A-4A98-A6E4-BD5BC02F868C}.Release|Any CPU.Build.0 = Release|Any CPU
		{88960F0C-14B8-4EAF-800F-A4620F0493C6}.Debug|Any CPU.ActiveCfg = Debug|Any CPU
		{88960F0C-14B8-4EAF-800F-A4620F0493C6}.Debug|Any CPU.Build.0 = Debug|Any CPU
		{88960F0C-14B8-4EAF-800F-A4620F0493C6}.Release|Any CPU.ActiveCfg = Release|Any CPU
		{88960F0C-14B8-4EAF-800F-A4620F0493C6}.Release|Any CPU.Build.0 = Release|Any CPU
		{22D1653C-6EFA-4E15-B482-E59130AF7D00}.Debug|Any CPU.ActiveCfg = Debug|Any CPU
		{22D1653C-6EFA-4E15-B482-E59130AF7D00}.Debug|Any CPU.Build.0 = Debug|Any CPU
		{22D1653C-6EFA-4E15-B482-E59130AF7D00}.Release|Any CPU.ActiveCfg = Release|Any CPU
		{22D1653C-6EFA-4E15-B482-E59130AF7D00}.Release|Any CPU.Build.0 = Release|Any CPU
		{65B0524C-A13E-4AD4-A605-84B79115C1FF}.Debug|Any CPU.ActiveCfg = Debug|Any CPU
		{65B0524C-A13E-4AD4-A605-84B79115C1FF}.Debug|Any CPU.Build.0 = Debug|Any CPU
		{65B0524C-A13E-4AD4-A605-84B79115C1FF}.Release|Any CPU.ActiveCfg = Release|Any CPU
		{65B0524C-A13E-4AD4-A605-84B79115C1FF}.Release|Any CPU.Build.0 = Release|Any CPU
		{3E75FE16-2ECE-4379-8775-2FA772715974}.Debug|Any CPU.ActiveCfg = Debug|Any CPU
		{3E75FE16-2ECE-4379-8775-2FA772715974}.Debug|Any CPU.Build.0 = Debug|Any CPU
		{3E75FE16-2ECE-4379-8775-2FA772715974}.Release|Any CPU.ActiveCfg = Release|Any CPU
		{3E75FE16-2ECE-4379-8775-2FA772715974}.Release|Any CPU.Build.0 = Release|Any CPU
		{82FDBCFA-0E24-4AF6-8F5B-A64DBD5808BF}.Debug|Any CPU.ActiveCfg = Debug|Any CPU
		{82FDBCFA-0E24-4AF6-8F5B-A64DBD5808BF}.Debug|Any CPU.Build.0 = Debug|Any CPU
		{82FDBCFA-0E24-4AF6-8F5B-A64DBD5808BF}.Release|Any CPU.ActiveCfg = Release|Any CPU
		{82FDBCFA-0E24-4AF6-8F5B-A64DBD5808BF}.Release|Any CPU.Build.0 = Release|Any CPU
		{55243D60-A7E4-4355-90DE-0076EBA03E24}.Debug|Any CPU.ActiveCfg = Debug|Any CPU
		{55243D60-A7E4-4355-90DE-0076EBA03E24}.Debug|Any CPU.Build.0 = Debug|Any CPU
		{55243D60-A7E4-4355-90DE-0076EBA03E24}.Release|Any CPU.ActiveCfg = Release|Any CPU
		{55243D60-A7E4-4355-90DE-0076EBA03E24}.Release|Any CPU.Build.0 = Release|Any CPU
	EndGlobalSection
	GlobalSection(SolutionProperties) = preSolution
		HideSolutionNode = FALSE
	EndGlobalSection
	GlobalSection(NestedProjects) = preSolution
		{3571A7D9-45DD-4F04-BA27-01BA6224302B} = {05D51344-895D-43EC-B305-4D19A9A39A04}
		{71EA8607-18EB-4339-B818-9F64B90AF473} = {05D51344-895D-43EC-B305-4D19A9A39A04}
		{35440C0E-62C0-4F8B-999B-AFAF81D6C220} = {05D51344-895D-43EC-B305-4D19A9A39A04}
		{EB3EBCC3-DB45-4AFA-B2AC-2611DC9EF83E} = {05D51344-895D-43EC-B305-4D19A9A39A04}
		{994B1826-14D3-448A-ADA1-56F0E0D5D24B} = {3571A7D9-45DD-4F04-BA27-01BA6224302B}
		{2FF7E3CC-30AC-43CF-B564-70739F729B9F} = {35440C0E-62C0-4F8B-999B-AFAF81D6C220}
		{D3A8AE4B-EFB4-40A0-9AE2-183BE2DB8E70} = {35440C0E-62C0-4F8B-999B-AFAF81D6C220}
		{EC7E7C06-768F-4EAC-ABDD-FA2271D669A7} = {35440C0E-62C0-4F8B-999B-AFAF81D6C220}
		{644B422B-CAB8-41A9-9273-6BE40E0B9A57} = {35440C0E-62C0-4F8B-999B-AFAF81D6C220}
		{7231D1DF-5B71-4583-A817-A58FC5A44BC7} = {3571A7D9-45DD-4F04-BA27-01BA6224302B}
		{414F3795-0F4C-46E0-AFEA-BD80F5974ABE} = {7231D1DF-5B71-4583-A817-A58FC5A44BC7}
		{EA2E9C68-B958-4AA4-813C-0F715426EBC2} = {7231D1DF-5B71-4583-A817-A58FC5A44BC7}
		{6BDB7529-8D5A-413D-8573-6CB1B5973D46} = {7231D1DF-5B71-4583-A817-A58FC5A44BC7}
		{E3781474-9F8C-44A5-B696-76BAA6F0E7B6} = {7231D1DF-5B71-4583-A817-A58FC5A44BC7}
		{842421B2-E012-45DE-B94D-01589B780D8C} = {994B1826-14D3-448A-ADA1-56F0E0D5D24B}
		{5949E1B5-DA96-49DC-ADF0-6FA0206C3F03} = {994B1826-14D3-448A-ADA1-56F0E0D5D24B}
		{D8A6B1CB-612A-4A98-A6E4-BD5BC02F868C} = {994B1826-14D3-448A-ADA1-56F0E0D5D24B}
		{88960F0C-14B8-4EAF-800F-A4620F0493C6} = {994B1826-14D3-448A-ADA1-56F0E0D5D24B}
		{65B0524C-A13E-4AD4-A605-84B79115C1FF} = {EB3EBCC3-DB45-4AFA-B2AC-2611DC9EF83E}
		{3E75FE16-2ECE-4379-8775-2FA772715974} = {35440C0E-62C0-4F8B-999B-AFAF81D6C220}
		{82FDBCFA-0E24-4AF6-8F5B-A64DBD5808BF} = {994B1826-14D3-448A-ADA1-56F0E0D5D24B}
		{55243D60-A7E4-4355-90DE-0076EBA03E24} = {7231D1DF-5B71-4583-A817-A58FC5A44BC7}
	EndGlobalSection
EndGlobal
